
Microsoft Visual Studio Solution File, Format Version 12.00
# Visual Studio Version 17
VisualStudioVersion = 17.4.33213.308
MinimumVisualStudioVersion = 10.0.40219.1
Project("{FAE04EC0-301F-11D3-BF4B-00C04F79EFBC}") = "Finalexam_PDC03.Android", "Finalexam_PDC03\Finalexam_PDC03.Android\Finalexam_PDC03.Android.csproj", "{F8BB7C87-DD4E-4834-BF94-56D9B27AD5DB}"
EndProject
Project("{FAE04EC0-301F-11D3-BF4B-00C04F79EFBC}") = "Finalexam_PDC03.iOS", "Finalexam_PDC03\Finalexam_PDC03.iOS\Finalexam_PDC03.iOS.csproj", "{0A9DF904-BF4E-4340-B419-C872844F63E6}"
EndProject
Project("{FAE04EC0-301F-11D3-BF4B-00C04F79EFBC}") = "Finalexam_PDC03", "Finalexam_PDC03\Finalexam_PDC03\Finalexam_PDC03.csproj", "{B08A45AB-315D-45F1-9874-FD3EAE3CF145}"
EndProject
Global
	GlobalSection(SolutionConfigurationPlatforms) = preSolution
		Debug|Any CPU = Debug|Any CPU
		Debug|iPhone = Debug|iPhone
		Debug|iPhoneSimulator = Debug|iPhoneSimulator
		Release|Any CPU = Release|Any CPU
		Release|iPhone = Release|iPhone
		Release|iPhoneSimulator = Release|iPhoneSimulator
	EndGlobalSection
	GlobalSection(ProjectConfigurationPlatforms) = postSolution
		{F8BB7C87-DD4E-4834-BF94-56D9B27AD5DB}.Debug|Any CPU.ActiveCfg = Debug|Any CPU
		{F8BB7C87-DD4E-4834-BF94-56D9B27AD5DB}.Debug|Any CPU.Build.0 = Debug|Any CPU
		{F8BB7C87-DD4E-4834-BF94-56D9B27AD5DB}.Debug|Any CPU.Deploy.0 = Debug|Any CPU
		{F8BB7C87-DD4E-4834-BF94-56D9B27AD5DB}.Debug|iPhone.ActiveCfg = Debug|Any CPU
		{F8BB7C87-DD4E-4834-BF94-56D9B27AD5DB}.Debug|iPhone.Build.0 = Debug|Any CPU
		{F8BB7C87-DD4E-4834-BF94-56D9B27AD5DB}.Debug|iPhone.Deploy.0 = Debug|Any CPU
		{F8BB7C87-DD4E-4834-BF94-56D9B27AD5DB}.Debug|iPhoneSimulator.ActiveCfg = Debug|Any CPU
		{F8BB7C87-DD4E-4834-BF94-56D9B27AD5DB}.Debug|iPhoneSimulator.Build.0 = Debug|Any CPU
		{F8BB7C87-DD4E-4834-BF94-56D9B27AD5DB}.Debug|iPhoneSimulator.Deploy.0 = Debug|Any CPU
		{F8BB7C87-DD4E-4834-BF94-56D9B27AD5DB}.Release|Any CPU.ActiveCfg = Release|Any CPU
		{F8BB7C87-DD4E-4834-BF94-56D9B27AD5DB}.Release|Any CPU.Build.0 = Release|Any CPU
		{F8BB7C87-DD4E-4834-BF94-56D9B27AD5DB}.Release|Any CPU.Deploy.0 = Release|Any CPU
		{F8BB7C87-DD4E-4834-BF94-56D9B27AD5DB}.Release|iPhone.ActiveCfg = Release|Any CPU
		{F8BB7C87-DD4E-4834-BF94-56D9B27AD5DB}.Release|iPhone.Build.0 = Release|Any CPU
		{F8BB7C87-DD4E-4834-BF94-56D9B27AD5DB}.Release|iPhone.Deploy.0 = Release|Any CPU
		{F8BB7C87-DD4E-4834-BF94-56D9B27AD5DB}.Release|iPhoneSimulator.ActiveCfg = Release|Any CPU
		{F8BB7C87-DD4E-4834-BF94-56D9B27AD5DB}.Release|iPhoneSimulator.Build.0 = Release|Any CPU
		{F8BB7C87-DD4E-4834-BF94-56D9B27AD5DB}.Release|iPhoneSimulator.Deploy.0 = Release|Any CPU
		{0A9DF904-BF4E-4340-B419-C872844F63E6}.Debug|Any CPU.ActiveCfg = Debug|iPhone
		{0A9DF904-BF4E-4340-B419-C872844F63E6}.Debug|Any CPU.Build.0 = Debug|iPhone
		{0A9DF904-BF4E-4340-B419-C872844F63E6}.Debug|Any CPU.Deploy.0 = Debug|iPhone
		{0A9DF904-BF4E-4340-B419-C872844F63E6}.Debug|iPhone.ActiveCfg = Debug|iPhone
		{0A9DF904-BF4E-4340-B419-C872844F63E6}.Debug|iPhone.Build.0 = Debug|iPhone
		{0A9DF904-BF4E-4340-B419-C872844F63E6}.Debug|iPhone.Deploy.0 = Debug|iPhone
		{0A9DF904-BF4E-4340-B419-C872844F63E6}.Debug|iPhoneSimulator.ActiveCfg = Debug|iPhoneSimulator
		{0A9DF904-BF4E-4340-B419-C872844F63E6}.Debug|iPhoneSimulator.Build.0 = Debug|iPhoneSimulator
		{0A9DF904-BF4E-4340-B419-C872844F63E6}.Debug|iPhoneSimulator.Deploy.0 = Debug|iPhoneSimulator
		{0A9DF904-BF4E-4340-B419-C872844F63E6}.Release|Any CPU.ActiveCfg = Release|iPhoneSimulator
		{0A9DF904-BF4E-4340-B419-C872844F63E6}.Release|Any CPU.Build.0 = Release|iPhoneSimulator
		{0A9DF904-BF4E-4340-B419-C872844F63E6}.Release|Any CPU.Deploy.0 = Release|iPhoneSimulator
		{0A9DF904-BF4E-4340-B419-C872844F63E6}.Release|iPhone.ActiveCfg = Release|iPhone
		{0A9DF904-BF4E-4340-B419-C872844F63E6}.Release|iPhone.Build.0 = Release|iPhone
		{0A9DF904-BF4E-4340-B419-C872844F63E6}.Release|iPhone.Deploy.0 = Release|iPhone
		{0A9DF904-BF4E-4340-B419-C872844F63E6}.Release|iPhoneSimulator.ActiveCfg = Release|iPhoneSimulator
		{0A9DF904-BF4E-4340-B419-C872844F63E6}.Release|iPhoneSimulator.Build.0 = Release|iPhoneSimulator
		{0A9DF904-BF4E-4340-B419-C872844F63E6}.Release|iPhoneSimulator.Deploy.0 = Release|iPhoneSimulator
		{B08A45AB-315D-45F1-9874-FD3EAE3CF145}.Debug|Any CPU.ActiveCfg = Debug|Any CPU
		{B08A45AB-315D-45F1-9874-FD3EAE3CF145}.Debug|Any CPU.Build.0 = Debug|Any CPU
		{B08A45AB-315D-45F1-9874-FD3EAE3CF145}.Debug|Any CPU.Deploy.0 = Debug|Any CPU
		{B08A45AB-315D-45F1-9874-FD3EAE3CF145}.Debug|iPhone.ActiveCfg = Debug|Any CPU
		{B08A45AB-315D-45F1-9874-FD3EAE3CF145}.Debug|iPhone.Build.0 = Debug|Any CPU
		{B08A45AB-315D-45F1-9874-FD3EAE3CF145}.Debug|iPhone.Deploy.0 = Debug|Any CPU
		{B08A45AB-315D-45F1-9874-FD3EAE3CF145}.Debug|iPhoneSimulator.ActiveCfg = Debug|Any CPU
		{B08A45AB-315D-45F1-9874-FD3EAE3CF145}.Debug|iPhoneSimulator.Build.0 = Debug|Any CPU
		{B08A45AB-315D-45F1-9874-FD3EAE3CF145}.Debug|iPhoneSimulator.Deploy.0 = Debug|Any CPU
		{B08A45AB-315D-45F1-9874-FD3EAE3CF145}.Release|Any CPU.ActiveCfg = Release|Any CPU
		{B08A45AB-315D-45F1-9874-FD3EAE3CF145}.Release|Any CPU.Build.0 = Release|Any CPU
		{B08A45AB-315D-45F1-9874-FD3EAE3CF145}.Release|Any CPU.Deploy.0 = Release|Any CPU
		{B08A45AB-315D-45F1-9874-FD3EAE3CF145}.Release|iPhone.ActiveCfg = Release|Any CPU
		{B08A45AB-315D-45F1-9874-FD3EAE3CF145}.Release|iPhone.Build.0 = Release|Any CPU
		{B08A45AB-315D-45F1-9874-FD3EAE3CF145}.Release|iPhone.Deploy.0 = Release|Any CPU
		{B08A45AB-315D-45F1-9874-FD3EAE3CF145}.Release|iPhoneSimulator.ActiveCfg = Release|Any CPU
		{B08A45AB-315D-45F1-9874-FD3EAE3CF145}.Release|iPhoneSimulator.Build.0 = Release|Any CPU
		{B08A45AB-315D-45F1-9874-FD3EAE3CF145}.Release|iPhoneSimulator.Deploy.0 = Release|Any CPU
	EndGlobalSection
	GlobalSection(SolutionProperties) = preSolution
		HideSolutionNode = FALSE
	EndGlobalSection
	GlobalSection(ExtensibilityGlobals) = postSolution
		SolutionGuid = {5EE359A7-394C-44F9-A67F-ADB9FA01970C}
	EndGlobalSection
EndGlobal
